// !$*UTF8*$!
{
	archiveVersion = 1;
	classes = {
	};
	objectVersion = 46;
	objects = {

/* Begin PBXBuildFile section */
		0400D8DB1DBA86E2006E7E75 /* ParseFacebookUtilsV4.framework in Frameworks */ = {isa = PBXBuildFile; fileRef = 0400D8D71DBA86E2006E7E75 /* ParseFacebookUtilsV4.framework */; };
		0400DFD31DBC7B95006E7E75 /* Assets.xcassets in Resources */ = {isa = PBXBuildFile; fileRef = 0400DFD21DBC7B95006E7E75 /* Assets.xcassets */; };
		0400DFD51DBC7CD0006E7E75 /* LaunchScreen.storyboard in Resources */ = {isa = PBXBuildFile; fileRef = 0400DFD41DBC7CD0006E7E75 /* LaunchScreen.storyboard */; };
		0408BC4D1DED83DE0075D8D2 /* MessageTableViewCell.swift in Sources */ = {isa = PBXBuildFile; fileRef = 0408BC4C1DED83DE0075D8D2 /* MessageTableViewCell.swift */; };
		0408BC4F1DED95BB0075D8D2 /* ShowMessagesTableViewCell.swift in Sources */ = {isa = PBXBuildFile; fileRef = 0408BC4E1DED95BB0075D8D2 /* ShowMessagesTableViewCell.swift */; };
		0408BC511DED97530075D8D2 /* ShowMessagesViewController.swift in Sources */ = {isa = PBXBuildFile; fileRef = 0408BC501DED97530075D8D2 /* ShowMessagesViewController.swift */; };
		0408BC531DEDC14D0075D8D2 /* TabBarViewController.swift in Sources */ = {isa = PBXBuildFile; fileRef = 0408BC521DEDC14D0075D8D2 /* TabBarViewController.swift */; };
		04158B981DE3247900D741C4 /* UserProfileViewController.swift in Sources */ = {isa = PBXBuildFile; fileRef = 04158B971DE3247900D741C4 /* UserProfileViewController.swift */; };
		04158B9A1DE3249900D741C4 /* EditJobViewController.swift in Sources */ = {isa = PBXBuildFile; fileRef = 04158B991DE3249900D741C4 /* EditJobViewController.swift */; };
		04158B9C1DE324BE00D741C4 /* SelectViewController.swift in Sources */ = {isa = PBXBuildFile; fileRef = 04158B9B1DE324BE00D741C4 /* SelectViewController.swift */; };
		04158BA01DE33B5000D741C4 /* PostedViewController.swift in Sources */ = {isa = PBXBuildFile; fileRef = 04158B9F1DE33B5000D741C4 /* PostedViewController.swift */; };
		04158BA21DE33BEF00D741C4 /* ReceivedViewController.swift in Sources */ = {isa = PBXBuildFile; fileRef = 04158BA11DE33BEF00D741C4 /* ReceivedViewController.swift */; };
		042567441DC31E84008ED3DE /* LoginViewController.swift in Sources */ = {isa = PBXBuildFile; fileRef = 042567431DC31E84008ED3DE /* LoginViewController.swift */; };
		042856D91DED1D450091D9BE /* SelectTableViewCell.swift in Sources */ = {isa = PBXBuildFile; fileRef = 042856D81DED1D450091D9BE /* SelectTableViewCell.swift */; };
		042856DB1DED4C410091D9BE /* ReceivedTableViewCell.swift in Sources */ = {isa = PBXBuildFile; fileRef = 042856DA1DED4C410091D9BE /* ReceivedTableViewCell.swift */; };
		045E82491E0811CD00B0C5C9 /* caseIcon.png in Resources */ = {isa = PBXBuildFile; fileRef = 045E82481E0811CD00B0C5C9 /* caseIcon.png */; };
		045E824B1E0B599900B0C5C9 /* wineIcon.png in Resources */ = {isa = PBXBuildFile; fileRef = 045E824A1E0B599900B0C5C9 /* wineIcon.png */; };
		045E824D1E0B65C400B0C5C9 /* handIcon.png in Resources */ = {isa = PBXBuildFile; fileRef = 045E824C1E0B65C300B0C5C9 /* handIcon.png */; };
		045E824F1E0BD0AB00B0C5C9 /* EnterMessageTableViewCell.swift in Sources */ = {isa = PBXBuildFile; fileRef = 045E824E1E0BD0AB00B0C5C9 /* EnterMessageTableViewCell.swift */; };
		049EBB631DD9B54300D76AED /* Dosis-Bold.ttf in Resources */ = {isa = PBXBuildFile; fileRef = 049EBB071DD9B54200D76AED /* Dosis-Bold.ttf */; };
		049EBB641DD9B54300D76AED /* Dosis-ExtraBold.ttf in Resources */ = {isa = PBXBuildFile; fileRef = 049EBB081DD9B54200D76AED /* Dosis-ExtraBold.ttf */; };
		049EBB651DD9B54300D76AED /* Dosis-ExtraLight.ttf in Resources */ = {isa = PBXBuildFile; fileRef = 049EBB091DD9B54200D76AED /* Dosis-ExtraLight.ttf */; };
		049EBB661DD9B54300D76AED /* Dosis-Light.ttf in Resources */ = {isa = PBXBuildFile; fileRef = 049EBB0A1DD9B54200D76AED /* Dosis-Light.ttf */; };
		049EBB671DD9B54300D76AED /* Dosis-Medium.ttf in Resources */ = {isa = PBXBuildFile; fileRef = 049EBB0B1DD9B54200D76AED /* Dosis-Medium.ttf */; };
		049EBB681DD9B54300D76AED /* Dosis-Regular.ttf in Resources */ = {isa = PBXBuildFile; fileRef = 049EBB0C1DD9B54200D76AED /* Dosis-Regular.ttf */; };
		049EBB691DD9B54300D76AED /* Dosis-SemiBold.ttf in Resources */ = {isa = PBXBuildFile; fileRef = 049EBB0D1DD9B54200D76AED /* Dosis-SemiBold.ttf */; };
		049EBB9C1DD9B54300D76AED /* Offside-Regular.ttf in Resources */ = {isa = PBXBuildFile; fileRef = 049EBB401DD9B54300D76AED /* Offside-Regular.ttf */; };
		049EBB9D1DD9B54300D76AED /* Pompiere-Regular.ttf in Resources */ = {isa = PBXBuildFile; fileRef = 049EBB411DD9B54300D76AED /* Pompiere-Regular.ttf */; };
		04B525E91DF6CC9500A284A0 /* work_1.jpeg in Resources */ = {isa = PBXBuildFile; fileRef = 04B525E71DF6CC9500A284A0 /* work_1.jpeg */; };
		04B525EA1DF6CC9500A284A0 /* work_2.jpeg in Resources */ = {isa = PBXBuildFile; fileRef = 04B525E81DF6CC9500A284A0 /* work_2.jpeg */; };
		04DECE041DAF3B670087B887 /* work.jpg in Resources */ = {isa = PBXBuildFile; fileRef = 04DECE031DAF3B670087B887 /* work.jpg */; };
		04DECE071DAF77D80087B887 /* placeholder.svg.png in Resources */ = {isa = PBXBuildFile; fileRef = 04DECE061DAF77D80087B887 /* placeholder.svg.png */; };
		04DECE0B1DB03F3C0087B887 /* HomeViewController.swift in Sources */ = {isa = PBXBuildFile; fileRef = 04DECE0A1DB03F3C0087B887 /* HomeViewController.swift */; };
		04DECE0D1DB0948B0087B887 /* ProfileViewController.swift in Sources */ = {isa = PBXBuildFile; fileRef = 04DECE0C1DB0948B0087B887 /* ProfileViewController.swift */; };
		04DECE0F1DB094A60087B887 /* MessageViewController.swift in Sources */ = {isa = PBXBuildFile; fileRef = 04DECE0E1DB094A60087B887 /* MessageViewController.swift */; };
		04DECE131DB094EA0087B887 /* Create1ViewController.swift in Sources */ = {isa = PBXBuildFile; fileRef = 04DECE121DB094EA0087B887 /* Create1ViewController.swift */; };
		04DECE151DB094F90087B887 /* SearchViewController.swift in Sources */ = {isa = PBXBuildFile; fileRef = 04DECE141DB094F90087B887 /* SearchViewController.swift */; };
		04DECE171DB0951F0087B887 /* SettingsViewController.swift in Sources */ = {isa = PBXBuildFile; fileRef = 04DECE161DB0951F0087B887 /* SettingsViewController.swift */; };
		04DECE191DB1826E0087B887 /* Create2ViewController.swift in Sources */ = {isa = PBXBuildFile; fileRef = 04DECE181DB1826E0087B887 /* Create2ViewController.swift */; };
		04DECE1B1DB185C70087B887 /* Create3ViewController.swift in Sources */ = {isa = PBXBuildFile; fileRef = 04DECE1A1DB185C70087B887 /* Create3ViewController.swift */; };
		04DECE1D1DB185D50087B887 /* Create4ViewController.swift in Sources */ = {isa = PBXBuildFile; fileRef = 04DECE1C1DB185D50087B887 /* Create4ViewController.swift */; };
		04DED02E1DB734F90087B887 /* Parse.framework in Frameworks */ = {isa = PBXBuildFile; fileRef = 04DED0291DB734F90087B887 /* Parse.framework */; };
		04DED0311DB734F90087B887 /* ParseUI.framework in Frameworks */ = {isa = PBXBuildFile; fileRef = 04DED02C1DB734F90087B887 /* ParseUI.framework */; };
		04DED04D1DB78F720087B887 /* libc++abi.dylib in Frameworks */ = {isa = PBXBuildFile; fileRef = 04DED04C1DB78F720087B887 /* libc++abi.dylib */; };
		04F175C81DBED8E800DB91B3 /* SignUpViewController.swift in Sources */ = {isa = PBXBuildFile; fileRef = 04F175C71DBED8E800DB91B3 /* SignUpViewController.swift */; };
		04F6DA751DD5F8D900AB8643 /* PostedTableViewCell.swift in Sources */ = {isa = PBXBuildFile; fileRef = 04F6DA741DD5F8D900AB8643 /* PostedTableViewCell.swift */; };
		81BA814B1A49DA1800E65899 /* AppDelegate.swift in Sources */ = {isa = PBXBuildFile; fileRef = 81BA814A1A49DA1800E65899 /* AppDelegate.swift */; };
		81BA814D1A49DA1800E65899 /* MainViewController.swift in Sources */ = {isa = PBXBuildFile; fileRef = 81BA814C1A49DA1800E65899 /* MainViewController.swift */; };
		81BA81501A49DA1800E65899 /* Main.storyboard in Resources */ = {isa = PBXBuildFile; fileRef = 81BA814E1A49DA1800E65899 /* Main.storyboard */; };
		81BA81771A49E0D500E65899 /* libsqlite3.dylib in Frameworks */ = {isa = PBXBuildFile; fileRef = 81BA81761A49E0D500E65899 /* libsqlite3.dylib */; };
		81BA81791A49E0DB00E65899 /* AudioToolbox.framework in Frameworks */ = {isa = PBXBuildFile; fileRef = 81BA81781A49E0DB00E65899 /* AudioToolbox.framework */; };
		81BA817B1A49E0E500E65899 /* SystemConfiguration.framework in Frameworks */ = {isa = PBXBuildFile; fileRef = 81BA817A1A49E0E500E65899 /* SystemConfiguration.framework */; };
		81BA817F1A49E0F000E65899 /* libstdc++.6.dylib in Frameworks */ = {isa = PBXBuildFile; fileRef = 81BA817E1A49E0F000E65899 /* libstdc++.6.dylib */; };
		E31BF7591D149340E3F0521A /* Pods_ParseStarterProject.framework in Frameworks */ = {isa = PBXBuildFile; fileRef = ADF8EDED17997D782F637010 /* Pods_ParseStarterProject.framework */; };
/* End PBXBuildFile section */

/* Begin PBXFileReference section */
		01C3B7B88BB911D2473A0BAB /* Pods-ParseStarterProject.release.xcconfig */ = {isa = PBXFileReference; includeInIndex = 1; lastKnownFileType = text.xcconfig; name = "Pods-ParseStarterProject.release.xcconfig"; path = "Pods/Target Support Files/Pods-ParseStarterProject/Pods-ParseStarterProject.release.xcconfig"; sourceTree = "<group>"; };
		0400D8D71DBA86E2006E7E75 /* ParseFacebookUtilsV4.framework */ = {isa = PBXFileReference; lastKnownFileType = wrapper.framework; path = ParseFacebookUtilsV4.framework; sourceTree = "<group>"; };
		0400DF8F1DBC5564006E7E75 /* ParseStarterProject-Bridging-Header.h */ = {isa = PBXFileReference; lastKnownFileType = sourcecode.c.h; path = "ParseStarterProject-Bridging-Header.h"; sourceTree = SOURCE_ROOT; };
		0400DFD21DBC7B95006E7E75 /* Assets.xcassets */ = {isa = PBXFileReference; lastKnownFileType = folder.assetcatalog; path = Assets.xcassets; sourceTree = "<group>"; };
		0400DFD41DBC7CD0006E7E75 /* LaunchScreen.storyboard */ = {isa = PBXFileReference; fileEncoding = 4; lastKnownFileType = file.storyboard; path = LaunchScreen.storyboard; sourceTree = "<group>"; };
		0408BC4C1DED83DE0075D8D2 /* MessageTableViewCell.swift */ = {isa = PBXFileReference; fileEncoding = 4; lastKnownFileType = sourcecode.swift; path = MessageTableViewCell.swift; sourceTree = "<group>"; };
		0408BC4E1DED95BB0075D8D2 /* ShowMessagesTableViewCell.swift */ = {isa = PBXFileReference; fileEncoding = 4; lastKnownFileType = sourcecode.swift; path = ShowMessagesTableViewCell.swift; sourceTree = "<group>"; };
		0408BC501DED97530075D8D2 /* ShowMessagesViewController.swift */ = {isa = PBXFileReference; fileEncoding = 4; lastKnownFileType = sourcecode.swift; path = ShowMessagesViewController.swift; sourceTree = "<group>"; };
		0408BC521DEDC14D0075D8D2 /* TabBarViewController.swift */ = {isa = PBXFileReference; fileEncoding = 4; lastKnownFileType = sourcecode.swift; path = TabBarViewController.swift; sourceTree = "<group>"; };
		04158B971DE3247900D741C4 /* UserProfileViewController.swift */ = {isa = PBXFileReference; fileEncoding = 4; lastKnownFileType = sourcecode.swift; path = UserProfileViewController.swift; sourceTree = "<group>"; };
		04158B991DE3249900D741C4 /* EditJobViewController.swift */ = {isa = PBXFileReference; fileEncoding = 4; lastKnownFileType = sourcecode.swift; path = EditJobViewController.swift; sourceTree = "<group>"; };
		04158B9B1DE324BE00D741C4 /* SelectViewController.swift */ = {isa = PBXFileReference; fileEncoding = 4; lastKnownFileType = sourcecode.swift; path = SelectViewController.swift; sourceTree = "<group>"; };
		04158B9F1DE33B5000D741C4 /* PostedViewController.swift */ = {isa = PBXFileReference; fileEncoding = 4; lastKnownFileType = sourcecode.swift; path = PostedViewController.swift; sourceTree = "<group>"; };
		04158BA11DE33BEF00D741C4 /* ReceivedViewController.swift */ = {isa = PBXFileReference; fileEncoding = 4; lastKnownFileType = sourcecode.swift; path = ReceivedViewController.swift; sourceTree = "<group>"; };
		042567431DC31E84008ED3DE /* LoginViewController.swift */ = {isa = PBXFileReference; fileEncoding = 4; lastKnownFileType = sourcecode.swift; path = LoginViewController.swift; sourceTree = "<group>"; };
		042856D81DED1D450091D9BE /* SelectTableViewCell.swift */ = {isa = PBXFileReference; fileEncoding = 4; lastKnownFileType = sourcecode.swift; path = SelectTableViewCell.swift; sourceTree = "<group>"; };
		042856DA1DED4C410091D9BE /* ReceivedTableViewCell.swift */ = {isa = PBXFileReference; fileEncoding = 4; lastKnownFileType = sourcecode.swift; name = ReceivedTableViewCell.swift; path = ../ReceivedTableViewCell.swift; sourceTree = "<group>"; };
		045E82051E0509C400B0C5C9 /* Abel-Regular.ttf */ = {isa = PBXFileReference; lastKnownFileType = file; path = "Abel-Regular.ttf"; sourceTree = "<group>"; };
		045E82061E050A5D00B0C5C9 /* Athiti-Bold.ttf */ = {isa = PBXFileReference; lastKnownFileType = file; path = "Athiti-Bold.ttf"; sourceTree = "<group>"; };
		045E82071E050A5D00B0C5C9 /* Athiti-ExtraLight.ttf */ = {isa = PBXFileReference; lastKnownFileType = file; path = "Athiti-ExtraLight.ttf"; sourceTree = "<group>"; };
		045E82081E050A5D00B0C5C9 /* Athiti-Light.ttf */ = {isa = PBXFileReference; lastKnownFileType = file; path = "Athiti-Light.ttf"; sourceTree = "<group>"; };
		045E82091E050A5D00B0C5C9 /* Athiti-Medium.ttf */ = {isa = PBXFileReference; lastKnownFileType = file; path = "Athiti-Medium.ttf"; sourceTree = "<group>"; };
		045E820A1E050A5D00B0C5C9 /* Athiti-Regular.ttf */ = {isa = PBXFileReference; lastKnownFileType = file; path = "Athiti-Regular.ttf"; sourceTree = "<group>"; };
		045E820B1E050A5D00B0C5C9 /* Athiti-SemiBold.ttf */ = {isa = PBXFileReference; lastKnownFileType = file; path = "Athiti-SemiBold.ttf"; sourceTree = "<group>"; };
		045E820C1E050A6E00B0C5C9 /* FaunaOne-Regular.ttf */ = {isa = PBXFileReference; lastKnownFileType = file; path = "FaunaOne-Regular.ttf"; sourceTree = "<group>"; };
		045E820D1E050A7E00B0C5C9 /* Flamenco-Light.ttf */ = {isa = PBXFileReference; lastKnownFileType = file; path = "Flamenco-Light.ttf"; sourceTree = "<group>"; };
		045E820E1E050A7E00B0C5C9 /* Flamenco-Regular.ttf */ = {isa = PBXFileReference; lastKnownFileType = file; path = "Flamenco-Regular.ttf"; sourceTree = "<group>"; };
		045E82481E0811CD00B0C5C9 /* caseIcon.png */ = {isa = PBXFileReference; lastKnownFileType = image.png; path = caseIcon.png; sourceTree = "<group>"; };
		045E824A1E0B599900B0C5C9 /* wineIcon.png */ = {isa = PBXFileReference; lastKnownFileType = image.png; path = wineIcon.png; sourceTree = "<group>"; };
		045E824C1E0B65C300B0C5C9 /* handIcon.png */ = {isa = PBXFileReference; lastKnownFileType = image.png; path = handIcon.png; sourceTree = "<group>"; };
		045E824E1E0BD0AB00B0C5C9 /* EnterMessageTableViewCell.swift */ = {isa = PBXFileReference; fileEncoding = 4; lastKnownFileType = sourcecode.swift; path = EnterMessageTableViewCell.swift; sourceTree = "<group>"; };
		049EBB071DD9B54200D76AED /* Dosis-Bold.ttf */ = {isa = PBXFileReference; lastKnownFileType = file; path = "Dosis-Bold.ttf"; sourceTree = "<group>"; };
		049EBB081DD9B54200D76AED /* Dosis-ExtraBold.ttf */ = {isa = PBXFileReference; lastKnownFileType = file; path = "Dosis-ExtraBold.ttf"; sourceTree = "<group>"; };
		049EBB091DD9B54200D76AED /* Dosis-ExtraLight.ttf */ = {isa = PBXFileReference; lastKnownFileType = file; path = "Dosis-ExtraLight.ttf"; sourceTree = "<group>"; };
		049EBB0A1DD9B54200D76AED /* Dosis-Light.ttf */ = {isa = PBXFileReference; lastKnownFileType = file; path = "Dosis-Light.ttf"; sourceTree = "<group>"; };
		049EBB0B1DD9B54200D76AED /* Dosis-Medium.ttf */ = {isa = PBXFileReference; lastKnownFileType = file; path = "Dosis-Medium.ttf"; sourceTree = "<group>"; };
		049EBB0C1DD9B54200D76AED /* Dosis-Regular.ttf */ = {isa = PBXFileReference; lastKnownFileType = file; path = "Dosis-Regular.ttf"; sourceTree = "<group>"; };
		049EBB0D1DD9B54200D76AED /* Dosis-SemiBold.ttf */ = {isa = PBXFileReference; lastKnownFileType = file; path = "Dosis-SemiBold.ttf"; sourceTree = "<group>"; };
		049EBB401DD9B54300D76AED /* Offside-Regular.ttf */ = {isa = PBXFileReference; lastKnownFileType = file; path = "Offside-Regular.ttf"; sourceTree = "<group>"; };
		049EBB411DD9B54300D76AED /* Pompiere-Regular.ttf */ = {isa = PBXFileReference; lastKnownFileType = file; path = "Pompiere-Regular.ttf"; sourceTree = "<group>"; };
		04B525E71DF6CC9500A284A0 /* work_1.jpeg */ = {isa = PBXFileReference; lastKnownFileType = image.jpeg; path = work_1.jpeg; sourceTree = "<group>"; };
		04B525E81DF6CC9500A284A0 /* work_2.jpeg */ = {isa = PBXFileReference; lastKnownFileType = image.jpeg; path = work_2.jpeg; sourceTree = "<group>"; };
		04DECE031DAF3B670087B887 /* work.jpg */ = {isa = PBXFileReference; lastKnownFileType = image.jpeg; path = work.jpg; sourceTree = "<group>"; };
		04DECE061DAF77D80087B887 /* placeholder.svg.png */ = {isa = PBXFileReference; lastKnownFileType = image.png; path = placeholder.svg.png; sourceTree = "<group>"; };
		04DECE0A1DB03F3C0087B887 /* HomeViewController.swift */ = {isa = PBXFileReference; fileEncoding = 4; lastKnownFileType = sourcecode.swift; name = HomeViewController.swift; path = ../HomeViewController.swift; sourceTree = "<group>"; };
		04DECE0C1DB0948B0087B887 /* ProfileViewController.swift */ = {isa = PBXFileReference; fileEncoding = 4; lastKnownFileType = sourcecode.swift; path = ProfileViewController.swift; sourceTree = "<group>"; };
		04DECE0E1DB094A60087B887 /* MessageViewController.swift */ = {isa = PBXFileReference; fileEncoding = 4; lastKnownFileType = sourcecode.swift; path = MessageViewController.swift; sourceTree = "<group>"; };
		04DECE121DB094EA0087B887 /* Create1ViewController.swift */ = {isa = PBXFileReference; fileEncoding = 4; lastKnownFileType = sourcecode.swift; path = Create1ViewController.swift; sourceTree = "<group>"; };
		04DECE141DB094F90087B887 /* SearchViewController.swift */ = {isa = PBXFileReference; fileEncoding = 4; lastKnownFileType = sourcecode.swift; path = SearchViewController.swift; sourceTree = "<group>"; usesTabs = 1; };
		04DECE161DB0951F0087B887 /* SettingsViewController.swift */ = {isa = PBXFileReference; fileEncoding = 4; lastKnownFileType = sourcecode.swift; path = SettingsViewController.swift; sourceTree = "<group>"; };
		04DECE181DB1826E0087B887 /* Create2ViewController.swift */ = {isa = PBXFileReference; fileEncoding = 4; lastKnownFileType = sourcecode.swift; path = Create2ViewController.swift; sourceTree = "<group>"; };
		04DECE1A1DB185C70087B887 /* Create3ViewController.swift */ = {isa = PBXFileReference; fileEncoding = 4; lastKnownFileType = sourcecode.swift; path = Create3ViewController.swift; sourceTree = "<group>"; };
		04DECE1C1DB185D50087B887 /* Create4ViewController.swift */ = {isa = PBXFileReference; fileEncoding = 4; lastKnownFileType = sourcecode.swift; path = Create4ViewController.swift; sourceTree = "<group>"; };
		04DED0291DB734F90087B887 /* Parse.framework */ = {isa = PBXFileReference; lastKnownFileType = wrapper.framework; path = Parse.framework; sourceTree = "<group>"; };
		04DED02C1DB734F90087B887 /* ParseUI.framework */ = {isa = PBXFileReference; lastKnownFileType = wrapper.framework; path = ParseUI.framework; sourceTree = "<group>"; };
		04DED04C1DB78F720087B887 /* libc++abi.dylib */ = {isa = PBXFileReference; lastKnownFileType = "compiled.mach-o.dylib"; name = "libc++abi.dylib"; path = "/usr/lib/libc++abi.dylib"; sourceTree = "<absolute>"; };
		04E475C51DDF0BAF00F5B4CD /* ParseStarterProject.entitlements */ = {isa = PBXFileReference; lastKnownFileType = text.plist.entitlements; path = ParseStarterProject.entitlements; sourceTree = "<group>"; };
		04F175C71DBED8E800DB91B3 /* SignUpViewController.swift */ = {isa = PBXFileReference; fileEncoding = 4; lastKnownFileType = sourcecode.swift; path = SignUpViewController.swift; sourceTree = "<group>"; };
		04F6DA741DD5F8D900AB8643 /* PostedTableViewCell.swift */ = {isa = PBXFileReference; fileEncoding = 4; lastKnownFileType = sourcecode.swift; name = PostedTableViewCell.swift; path = ../PostedTableViewCell.swift; sourceTree = "<group>"; };
		81BA81451A49DA1800E65899 /* ParseStarterProject.app */ = {isa = PBXFileReference; explicitFileType = wrapper.application; includeInIndex = 0; path = ParseStarterProject.app; sourceTree = BUILT_PRODUCTS_DIR; };
		81BA81491A49DA1800E65899 /* Info.plist */ = {isa = PBXFileReference; lastKnownFileType = text.plist.xml; path = Info.plist; sourceTree = "<group>"; };
		81BA814A1A49DA1800E65899 /* AppDelegate.swift */ = {isa = PBXFileReference; lastKnownFileType = sourcecode.swift; path = AppDelegate.swift; sourceTree = "<group>"; };
		81BA814C1A49DA1800E65899 /* MainViewController.swift */ = {isa = PBXFileReference; lastKnownFileType = sourcecode.swift; path = MainViewController.swift; sourceTree = "<group>"; };
		81BA814F1A49DA1800E65899 /* Base */ = {isa = PBXFileReference; lastKnownFileType = file.storyboard; name = Base; path = Base.lproj/Main.storyboard; sourceTree = "<group>"; };
		81BA81761A49E0D500E65899 /* libsqlite3.dylib */ = {isa = PBXFileReference; lastKnownFileType = "compiled.mach-o.dylib"; name = libsqlite3.dylib; path = usr/lib/libsqlite3.dylib; sourceTree = SDKROOT; };
		81BA81781A49E0DB00E65899 /* AudioToolbox.framework */ = {isa = PBXFileReference; lastKnownFileType = wrapper.framework; name = AudioToolbox.framework; path = System/Library/Frameworks/AudioToolbox.framework; sourceTree = SDKROOT; };
		81BA817A1A49E0E500E65899 /* SystemConfiguration.framework */ = {isa = PBXFileReference; lastKnownFileType = wrapper.framework; name = SystemConfiguration.framework; path = System/Library/Frameworks/SystemConfiguration.framework; sourceTree = SDKROOT; };
		81BA817E1A49E0F000E65899 /* libstdc++.6.dylib */ = {isa = PBXFileReference; lastKnownFileType = "compiled.mach-o.dylib"; name = "libstdc++.6.dylib"; path = "usr/lib/libstdc++.6.dylib"; sourceTree = SDKROOT; };
		ADF8EDED17997D782F637010 /* Pods_ParseStarterProject.framework */ = {isa = PBXFileReference; explicitFileType = wrapper.framework; includeInIndex = 0; path = Pods_ParseStarterProject.framework; sourceTree = BUILT_PRODUCTS_DIR; };
		B7D239A8138473EAE47E7F2B /* Pods-ParseStarterProject.debug.xcconfig */ = {isa = PBXFileReference; includeInIndex = 1; lastKnownFileType = text.xcconfig; name = "Pods-ParseStarterProject.debug.xcconfig"; path = "Pods/Target Support Files/Pods-ParseStarterProject/Pods-ParseStarterProject.debug.xcconfig"; sourceTree = "<group>"; };
/* End PBXFileReference section */

/* Begin PBXFrameworksBuildPhase section */
		81BA81421A49DA1800E65899 /* Frameworks */ = {
			isa = PBXFrameworksBuildPhase;
			buildActionMask = 2147483647;
			files = (
				E31BF7591D149340E3F0521A /* Pods_ParseStarterProject.framework in Frameworks */,
				04DED04D1DB78F720087B887 /* libc++abi.dylib in Frameworks */,
				04DED02E1DB734F90087B887 /* Parse.framework in Frameworks */,
				0400D8DB1DBA86E2006E7E75 /* ParseFacebookUtilsV4.framework in Frameworks */,
				81BA817B1A49E0E500E65899 /* SystemConfiguration.framework in Frameworks */,
				81BA81791A49E0DB00E65899 /* AudioToolbox.framework in Frameworks */,
				04DED0311DB734F90087B887 /* ParseUI.framework in Frameworks */,
				81BA81771A49E0D500E65899 /* libsqlite3.dylib in Frameworks */,
				81BA817F1A49E0F000E65899 /* libstdc++.6.dylib in Frameworks */,
			);
			runOnlyForDeploymentPostprocessing = 0;
		};
/* End PBXFrameworksBuildPhase section */

/* Begin PBXGroup section */
		81BA813C1A49DA1800E65899 = {
			isa = PBXGroup;
			children = (
				81BA81471A49DA1800E65899 /* ParseStarterProject */,
				81BA816A1A49DB5600E65899 /* Frameworks */,
				81BA81461A49DA1800E65899 /* Products */,
				D560443CD2D7D9A0FE26FDBC /* Pods */,
			);
			sourceTree = "<group>";
		};
		81BA81461A49DA1800E65899 /* Products */ = {
			isa = PBXGroup;
			children = (
				81BA81451A49DA1800E65899 /* ParseStarterProject.app */,
			);
			name = Products;
			sourceTree = "<group>";
		};
		81BA81471A49DA1800E65899 /* ParseStarterProject */ = {
			isa = PBXGroup;
			children = (
				04E475C51DDF0BAF00F5B4CD /* ParseStarterProject.entitlements */,
				0400DF8F1DBC5564006E7E75 /* ParseStarterProject-Bridging-Header.h */,
				81BA814A1A49DA1800E65899 /* AppDelegate.swift */,
				81BA814E1A49DA1800E65899 /* Main.storyboard */,
				04F175C71DBED8E800DB91B3 /* SignUpViewController.swift */,
				81BA814C1A49DA1800E65899 /* MainViewController.swift */,
				042567431DC31E84008ED3DE /* LoginViewController.swift */,
				04DECE0A1DB03F3C0087B887 /* HomeViewController.swift */,
				04DECE141DB094F90087B887 /* SearchViewController.swift */,
				04DECE0C1DB0948B0087B887 /* ProfileViewController.swift */,
				04DECE121DB094EA0087B887 /* Create1ViewController.swift */,
				04DECE181DB1826E0087B887 /* Create2ViewController.swift */,
				04DECE1A1DB185C70087B887 /* Create3ViewController.swift */,
				04DECE1C1DB185D50087B887 /* Create4ViewController.swift */,
				04158B971DE3247900D741C4 /* UserProfileViewController.swift */,
				04DECE161DB0951F0087B887 /* SettingsViewController.swift */,
				04F6DA741DD5F8D900AB8643 /* PostedTableViewCell.swift */,
				042856D81DED1D450091D9BE /* SelectTableViewCell.swift */,
				042856DA1DED4C410091D9BE /* ReceivedTableViewCell.swift */,
				0408BC4C1DED83DE0075D8D2 /* MessageTableViewCell.swift */,
				0408BC4E1DED95BB0075D8D2 /* ShowMessagesTableViewCell.swift */,
				045E824E1E0BD0AB00B0C5C9 /* EnterMessageTableViewCell.swift */,
				0408BC521DEDC14D0075D8D2 /* TabBarViewController.swift */,
				04158B9F1DE33B5000D741C4 /* PostedViewController.swift */,
				04158B9B1DE324BE00D741C4 /* SelectViewController.swift */,
				04158B991DE3249900D741C4 /* EditJobViewController.swift */,
				04158BA11DE33BEF00D741C4 /* ReceivedViewController.swift */,
				04DECE0E1DB094A60087B887 /* MessageViewController.swift */,
				0408BC501DED97530075D8D2 /* ShowMessagesViewController.swift */,
				04DECE031DAF3B670087B887 /* work.jpg */,
				04B525E71DF6CC9500A284A0 /* work_1.jpeg */,
				04B525E81DF6CC9500A284A0 /* work_2.jpeg */,
				045E824C1E0B65C300B0C5C9 /* handIcon.png */,
				045E824A1E0B599900B0C5C9 /* wineIcon.png */,
				045E82481E0811CD00B0C5C9 /* caseIcon.png */,
				04DECE061DAF77D80087B887 /* placeholder.svg.png */,
				0400DFD41DBC7CD0006E7E75 /* LaunchScreen.storyboard */,
				0400DFD21DBC7B95006E7E75 /* Assets.xcassets */,
				81BA81481A49DA1800E65899 /* Supporting Files */,
			);
			path = ParseStarterProject;
			sourceTree = "<group>";
		};
		81BA81481A49DA1800E65899 /* Supporting Files */ = {
			isa = PBXGroup;
			children = (
				045E820D1E050A7E00B0C5C9 /* Flamenco-Light.ttf */,
				045E820E1E050A7E00B0C5C9 /* Flamenco-Regular.ttf */,
				045E820C1E050A6E00B0C5C9 /* FaunaOne-Regular.ttf */,
				045E82061E050A5D00B0C5C9 /* Athiti-Bold.ttf */,
				045E82071E050A5D00B0C5C9 /* Athiti-ExtraLight.ttf */,
				045E82081E050A5D00B0C5C9 /* Athiti-Light.ttf */,
				045E82091E050A5D00B0C5C9 /* Athiti-Medium.ttf */,
				045E820A1E050A5D00B0C5C9 /* Athiti-Regular.ttf */,
				045E820B1E050A5D00B0C5C9 /* Athiti-SemiBold.ttf */,
				045E82051E0509C400B0C5C9 /* Abel-Regular.ttf */,
				049EBB071DD9B54200D76AED /* Dosis-Bold.ttf */,
				049EBB081DD9B54200D76AED /* Dosis-ExtraBold.ttf */,
				049EBB091DD9B54200D76AED /* Dosis-ExtraLight.ttf */,
				049EBB0A1DD9B54200D76AED /* Dosis-Light.ttf */,
				049EBB0B1DD9B54200D76AED /* Dosis-Medium.ttf */,
				049EBB0C1DD9B54200D76AED /* Dosis-Regular.ttf */,
				049EBB0D1DD9B54200D76AED /* Dosis-SemiBold.ttf */,
				049EBB401DD9B54300D76AED /* Offside-Regular.ttf */,
				049EBB411DD9B54300D76AED /* Pompiere-Regular.ttf */,
				81BA81491A49DA1800E65899 /* Info.plist */,
			);
			name = "Supporting Files";
			sourceTree = "<group>";
		};
		81BA816A1A49DB5600E65899 /* Frameworks */ = {
			isa = PBXGroup;
			children = (
				ADF8EDED17997D782F637010 /* Pods_ParseStarterProject.framework */,
				0400D8D71DBA86E2006E7E75 /* ParseFacebookUtilsV4.framework */,
				04DED0291DB734F90087B887 /* Parse.framework */,
				04DED02C1DB734F90087B887 /* ParseUI.framework */,
				81BA81751A49E0C500E65899 /* System Frameworks */,
			);
			name = Frameworks;
			sourceTree = "<group>";
		};
		81BA81751A49E0C500E65899 /* System Frameworks */ = {
			isa = PBXGroup;
			children = (
				04DED04C1DB78F720087B887 /* libc++abi.dylib */,
				81BA817E1A49E0F000E65899 /* libstdc++.6.dylib */,
				81BA817A1A49E0E500E65899 /* SystemConfiguration.framework */,
				81BA81781A49E0DB00E65899 /* AudioToolbox.framework */,
				81BA81761A49E0D500E65899 /* libsqlite3.dylib */,
			);
			name = "System Frameworks";
			sourceTree = "<group>";
		};
		D560443CD2D7D9A0FE26FDBC /* Pods */ = {
			isa = PBXGroup;
			children = (
				B7D239A8138473EAE47E7F2B /* Pods-ParseStarterProject.debug.xcconfig */,
				01C3B7B88BB911D2473A0BAB /* Pods-ParseStarterProject.release.xcconfig */,
			);
			name = Pods;
			sourceTree = "<group>";
		};
/* End PBXGroup section */

/* Begin PBXNativeTarget section */
		81BA81441A49DA1800E65899 /* ParseStarterProject */ = {
			isa = PBXNativeTarget;
			buildConfigurationList = 81BA81641A49DA1800E65899 /* Build configuration list for PBXNativeTarget "ParseStarterProject" */;
			buildPhases = (
				704E61674B6A2C9FBCB03EDE /* [CP] Check Pods Manifest.lock */,
				81BA81411A49DA1800E65899 /* Sources */,
				81BA81421A49DA1800E65899 /* Frameworks */,
				81BA81431A49DA1800E65899 /* Resources */,
				81CC85E11A49F6D40076DE19 /* Upload Symbol Files */,
				7CBBB53338AC9439FE89A9B5 /* [CP] Embed Pods Frameworks */,
				9DE854DE88D016AA1D5B9D8F /* [CP] Copy Pods Resources */,
			);
			buildRules = (
			);
			dependencies = (
			);
			name = ParseStarterProject;
			productName = ParseStarterProject;
			productReference = 81BA81451A49DA1800E65899 /* ParseStarterProject.app */;
			productType = "com.apple.product-type.application";
		};
/* End PBXNativeTarget section */

/* Begin PBXProject section */
		81BA813D1A49DA1800E65899 /* Project object */ = {
			isa = PBXProject;
			attributes = {
				LastSwiftUpdateCheck = 0700;
				LastUpgradeCheck = 0810;
				ORGANIZATIONNAME = iponwuzu;
				TargetAttributes = {
					81BA81441A49DA1800E65899 = {
						CreatedOnToolsVersion = 6.1.1;
						DevelopmentTeam = JNVXXYDAFM;
						LastSwiftMigration = 0800;
						ProvisioningStyle = Automatic;
						SystemCapabilities = {
							com.apple.ApplePay = {
								enabled = 1;
							};
							com.apple.Keychain = {
								enabled = 0;
							};
						};
					};
				};
			};
			buildConfigurationList = 81BA81401A49DA1800E65899 /* Build configuration list for PBXProject "ParseStarterProject" */;
			compatibilityVersion = "Xcode 3.2";
			developmentRegion = English;
			hasScannedForEncodings = 0;
			knownRegions = (
				en,
				Base,
			);
			mainGroup = 81BA813C1A49DA1800E65899;
			productRefGroup = 81BA81461A49DA1800E65899 /* Products */;
			projectDirPath = "";
			projectRoot = "";
			targets = (
				81BA81441A49DA1800E65899 /* ParseStarterProject */,
			);
		};
/* End PBXProject section */

/* Begin PBXResourcesBuildPhase section */
		81BA81431A49DA1800E65899 /* Resources */ = {
			isa = PBXResourcesBuildPhase;
			buildActionMask = 2147483647;
			files = (
				049EBB9D1DD9B54300D76AED /* Pompiere-Regular.ttf in Resources */,
				04B525E91DF6CC9500A284A0 /* work_1.jpeg in Resources */,
				049EBB631DD9B54300D76AED /* Dosis-Bold.ttf in Resources */,
				049EBB651DD9B54300D76AED /* Dosis-ExtraLight.ttf in Resources */,
				81BA81501A49DA1800E65899 /* Main.storyboard in Resources */,
				04B525EA1DF6CC9500A284A0 /* work_2.jpeg in Resources */,
				049EBB681DD9B54300D76AED /* Dosis-Regular.ttf in Resources */,
				045E824B1E0B599900B0C5C9 /* wineIcon.png in Resources */,
				049EBB9C1DD9B54300D76AED /* Offside-Regular.ttf in Resources */,
				045E824D1E0B65C400B0C5C9 /* handIcon.png in Resources */,
				04DECE041DAF3B670087B887 /* work.jpg in Resources */,
				049EBB641DD9B54300D76AED /* Dosis-ExtraBold.ttf in Resources */,
				04DECE071DAF77D80087B887 /* placeholder.svg.png in Resources */,
				049EBB691DD9B54300D76AED /* Dosis-SemiBold.ttf in Resources */,
				049EBB671DD9B54300D76AED /* Dosis-Medium.ttf in Resources */,
				0400DFD51DBC7CD0006E7E75 /* LaunchScreen.storyboard in Resources */,
				045E82491E0811CD00B0C5C9 /* caseIcon.png in Resources */,
				049EBB661DD9B54300D76AED /* Dosis-Light.ttf in Resources */,
				0400DFD31DBC7B95006E7E75 /* Assets.xcassets in Resources */,
			);
			runOnlyForDeploymentPostprocessing = 0;
		};
/* End PBXResourcesBuildPhase section */

/* Begin PBXShellScriptBuildPhase section */
		704E61674B6A2C9FBCB03EDE /* [CP] Check Pods Manifest.lock */ = {
			isa = PBXShellScriptBuildPhase;
			buildActionMask = 2147483647;
			files = (
			);
			inputPaths = (
			);
			name = "[CP] Check Pods Manifest.lock";
			outputPaths = (
			);
			runOnlyForDeploymentPostprocessing = 0;
			shellPath = /bin/sh;
			shellScript = "diff \"${PODS_ROOT}/../Podfile.lock\" \"${PODS_ROOT}/Manifest.lock\" > /dev/null\nif [ $? != 0 ] ; then\n    # print error to STDERR\n    echo \"error: The sandbox is not in sync with the Podfile.lock. Run 'pod install' or update your CocoaPods installation.\" >&2\n    exit 1\nfi\n";
			showEnvVarsInLog = 0;
		};
		7CBBB53338AC9439FE89A9B5 /* [CP] Embed Pods Frameworks */ = {
			isa = PBXShellScriptBuildPhase;
			buildActionMask = 2147483647;
			files = (
			);
			inputPaths = (
			);
			name = "[CP] Embed Pods Frameworks";
			outputPaths = (
			);
			runOnlyForDeploymentPostprocessing = 0;
			shellPath = /bin/sh;
			shellScript = "\"${SRCROOT}/Pods/Target Support Files/Pods-ParseStarterProject/Pods-ParseStarterProject-frameworks.sh\"\n";
			showEnvVarsInLog = 0;
		};
		81CC85E11A49F6D40076DE19 /* Upload Symbol Files */ = {
			isa = PBXShellScriptBuildPhase;
			buildActionMask = 2147483647;
			files = (
			);
			inputPaths = (
			);
			name = "Upload Symbol Files";
			outputPaths = (
			);
			runOnlyForDeploymentPostprocessing = 0;
			shellPath = /bin/sh;
			shellScript = "# This script will upload symbol files for your application,\n# so all your crash reports are going to be symbolicated\n\n# Important!\n# Before using the script, please initialize CloudCode folder and replace <path_to_cloudcode_folder> with the path to it\n#\n# Read more on Parse.com - https://parse.com/apps/quickstart#analytics/crashreporting/ios/\n############################################################\n\n\n# export PATH=/usr/local/bin:$PATH\n# cd <path_to_cloudcode_folder>\n\n# parse symbols -p \"${DWARF_DSYM_FOLDER_PATH}/${DWARF_DSYM_FILE_NAME}\"\n";
		};
		9DE854DE88D016AA1D5B9D8F /* [CP] Copy Pods Resources */ = {
			isa = PBXShellScriptBuildPhase;
			buildActionMask = 2147483647;
			files = (
			);
			inputPaths = (
			);
			name = "[CP] Copy Pods Resources";
			outputPaths = (
			);
			runOnlyForDeploymentPostprocessing = 0;
			shellPath = /bin/sh;
			shellScript = "\"${SRCROOT}/Pods/Target Support Files/Pods-ParseStarterProject/Pods-ParseStarterProject-resources.sh\"\n";
			showEnvVarsInLog = 0;
		};
/* End PBXShellScriptBuildPhase section */

/* Begin PBXSourcesBuildPhase section */
		81BA81411A49DA1800E65899 /* Sources */ = {
			isa = PBXSourcesBuildPhase;
			buildActionMask = 2147483647;
			files = (
				042856D91DED1D450091D9BE /* SelectTableViewCell.swift in Sources */,
				04F6DA751DD5F8D900AB8643 /* PostedTableViewCell.swift in Sources */,
				04158BA21DE33BEF00D741C4 /* ReceivedViewController.swift in Sources */,
				042567441DC31E84008ED3DE /* LoginViewController.swift in Sources */,
				0408BC531DEDC14D0075D8D2 /* TabBarViewController.swift in Sources */,
				04158B9A1DE3249900D741C4 /* EditJobViewController.swift in Sources */,
				0408BC4D1DED83DE0075D8D2 /* MessageTableViewCell.swift in Sources */,
				04158BA01DE33B5000D741C4 /* PostedViewController.swift in Sources */,
				0408BC4F1DED95BB0075D8D2 /* ShowMessagesTableViewCell.swift in Sources */,
				04158B981DE3247900D741C4 /* UserProfileViewController.swift in Sources */,
				04DECE0F1DB094A60087B887 /* MessageViewController.swift in Sources */,
				81BA814D1A49DA1800E65899 /* MainViewController.swift in Sources */,
				04DECE151DB094F90087B887 /* SearchViewController.swift in Sources */,
				04DECE131DB094EA0087B887 /* Create1ViewController.swift in Sources */,
				04158B9C1DE324BE00D741C4 /* SelectViewController.swift in Sources */,
				04DECE1D1DB185D50087B887 /* Create4ViewController.swift in Sources */,
				04DECE1B1DB185C70087B887 /* Create3ViewController.swift in Sources */,
				81BA814B1A49DA1800E65899 /* AppDelegate.swift in Sources */,
				045E824F1E0BD0AB00B0C5C9 /* EnterMessageTableViewCell.swift in Sources */,
				04DECE0D1DB0948B0087B887 /* ProfileViewController.swift in Sources */,
				04DECE0B1DB03F3C0087B887 /* HomeViewController.swift in Sources */,
				04DECE171DB0951F0087B887 /* SettingsViewController.swift in Sources */,
				04F175C81DBED8E800DB91B3 /* SignUpViewController.swift in Sources */,
				0408BC511DED97530075D8D2 /* ShowMessagesViewController.swift in Sources */,
				042856DB1DED4C410091D9BE /* ReceivedTableViewCell.swift in Sources */,
				04DECE191DB1826E0087B887 /* Create2ViewController.swift in Sources */,
			);
			runOnlyForDeploymentPostprocessing = 0;
		};
/* End PBXSourcesBuildPhase section */

/* Begin PBXVariantGroup section */
		81BA814E1A49DA1800E65899 /* Main.storyboard */ = {
			isa = PBXVariantGroup;
			children = (
				81BA814F1A49DA1800E65899 /* Base */,
			);
			name = Main.storyboard;
			sourceTree = "<group>";
		};
/* End PBXVariantGroup section */

/* Begin XCBuildConfiguration section */
		81BA81621A49DA1800E65899 /* Debug */ = {
			isa = XCBuildConfiguration;
			buildSettings = {
				ALWAYS_SEARCH_USER_PATHS = NO;
				CLANG_CXX_LANGUAGE_STANDARD = "gnu++0x";
				CLANG_CXX_LIBRARY = "libc++";
				CLANG_ENABLE_MODULES = YES;
				CLANG_ENABLE_OBJC_ARC = YES;
				CLANG_WARN_BOOL_CONVERSION = YES;
				CLANG_WARN_CONSTANT_CONVERSION = YES;
				CLANG_WARN_DIRECT_OBJC_ISA_USAGE = YES_ERROR;
				CLANG_WARN_EMPTY_BODY = YES;
				CLANG_WARN_ENUM_CONVERSION = YES;
				CLANG_WARN_INFINITE_RECURSION = YES;
				CLANG_WARN_INT_CONVERSION = YES;
				CLANG_WARN_OBJC_ROOT_CLASS = YES_ERROR;
				CLANG_WARN_SUSPICIOUS_MOVE = YES;
				CLANG_WARN_UNREACHABLE_CODE = YES;
				CLANG_WARN__DUPLICATE_METHOD_MATCH = YES;
				"CODE_SIGN_IDENTITY[sdk=iphoneos*]" = "iPhone Developer";
				COPY_PHASE_STRIP = NO;
				ENABLE_STRICT_OBJC_MSGSEND = YES;
				ENABLE_TESTABILITY = YES;
				GCC_C_LANGUAGE_STANDARD = gnu99;
				GCC_DYNAMIC_NO_PIC = NO;
				GCC_NO_COMMON_BLOCKS = YES;
				GCC_OPTIMIZATION_LEVEL = 0;
				GCC_PREPROCESSOR_DEFINITIONS = (
					"DEBUG=1",
					"$(inherited)",
				);
				GCC_SYMBOLS_PRIVATE_EXTERN = NO;
				GCC_WARN_64_TO_32_BIT_CONVERSION = YES;
				GCC_WARN_ABOUT_RETURN_TYPE = YES_ERROR;
				GCC_WARN_UNDECLARED_SELECTOR = YES;
				GCC_WARN_UNINITIALIZED_AUTOS = YES_AGGRESSIVE;
				GCC_WARN_UNUSED_FUNCTION = YES;
				GCC_WARN_UNUSED_VARIABLE = YES;
				IPHONEOS_DEPLOYMENT_TARGET = 8.0;
				MTL_ENABLE_DEBUG_INFO = YES;
				ONLY_ACTIVE_ARCH = YES;
				SDKROOT = iphoneos;
				SWIFT_OBJC_BRIDGING_HEADER = "";
				SWIFT_OBJC_INTERFACE_HEADER_NAME = "";
				SWIFT_OPTIMIZATION_LEVEL = "-Onone";
				TARGETED_DEVICE_FAMILY = "1,2";
			};
			name = Debug;
		};
		81BA81631A49DA1800E65899 /* Release */ = {
			isa = XCBuildConfiguration;
			buildSettings = {
				ALWAYS_SEARCH_USER_PATHS = NO;
				CLANG_CXX_LANGUAGE_STANDARD = "gnu++0x";
				CLANG_CXX_LIBRARY = "libc++";
				CLANG_ENABLE_MODULES = YES;
				CLANG_ENABLE_OBJC_ARC = YES;
				CLANG_WARN_BOOL_CONVERSION = YES;
				CLANG_WARN_CONSTANT_CONVERSION = YES;
				CLANG_WARN_DIRECT_OBJC_ISA_USAGE = YES_ERROR;
				CLANG_WARN_EMPTY_BODY = YES;
				CLANG_WARN_ENUM_CONVERSION = YES;
				CLANG_WARN_INFINITE_RECURSION = YES;
				CLANG_WARN_INT_CONVERSION = YES;
				CLANG_WARN_OBJC_ROOT_CLASS = YES_ERROR;
				CLANG_WARN_SUSPICIOUS_MOVE = YES;
				CLANG_WARN_UNREACHABLE_CODE = YES;
				CLANG_WARN__DUPLICATE_METHOD_MATCH = YES;
				"CODE_SIGN_IDENTITY[sdk=iphoneos*]" = "iPhone Developer";
				COPY_PHASE_STRIP = YES;
				ENABLE_NS_ASSERTIONS = NO;
				ENABLE_STRICT_OBJC_MSGSEND = YES;
				GCC_C_LANGUAGE_STANDARD = gnu99;
				GCC_NO_COMMON_BLOCKS = YES;
				GCC_WARN_64_TO_32_BIT_CONVERSION = YES;
				GCC_WARN_ABOUT_RETURN_TYPE = YES_ERROR;
				GCC_WARN_UNDECLARED_SELECTOR = YES;
				GCC_WARN_UNINITIALIZED_AUTOS = YES_AGGRESSIVE;
				GCC_WARN_UNUSED_FUNCTION = YES;
				GCC_WARN_UNUSED_VARIABLE = YES;
				IPHONEOS_DEPLOYMENT_TARGET = 8.0;
				MTL_ENABLE_DEBUG_INFO = NO;
				SDKROOT = iphoneos;
				SWIFT_OBJC_BRIDGING_HEADER = "";
				SWIFT_OBJC_INTERFACE_HEADER_NAME = "";
				SWIFT_OPTIMIZATION_LEVEL = "-Owholemodule";
				TARGETED_DEVICE_FAMILY = "1,2";
				VALIDATE_PRODUCT = YES;
			};
			name = Release;
		};
		81BA81651A49DA1800E65899 /* Debug */ = {
			isa = XCBuildConfiguration;
			baseConfigurationReference = B7D239A8138473EAE47E7F2B /* Pods-ParseStarterProject.debug.xcconfig */;
			buildSettings = {
				ALWAYS_EMBED_SWIFT_STANDARD_LIBRARIES = YES;
				ASSETCATALOG_COMPILER_APPICON_NAME = AppIcon;
				CLANG_ENABLE_MODULES = YES;
				CODE_SIGN_ENTITLEMENTS = ParseStarterProject/ParseStarterProject.entitlements;
				CODE_SIGN_IDENTITY = "iPhone Developer";
				"CODE_SIGN_IDENTITY[sdk=iphoneos*]" = "iPhone Developer";
				DEVELOPMENT_TEAM = JNVXXYDAFM;
				FRAMEWORK_SEARCH_PATHS = (
					"$(inherited)",
					"$(PROJECT_DIR)",
				);
				INFOPLIST_FILE = ParseStarterProject/Info.plist;
				IPHONEOS_DEPLOYMENT_TARGET = 10.0;
				LD_RUNPATH_SEARCH_PATHS = "$(inherited) @executable_path/Frameworks";
				PRODUCT_BUNDLE_IDENTIFIER = com.iponwuzu.WorkJet;
				PRODUCT_NAME = "$(TARGET_NAME)";
				PROVISIONING_PROFILE = "";
				SWIFT_OBJC_BRIDGING_HEADER = "ParseStarterProject-Bridging-Header.h";
				SWIFT_OPTIMIZATION_LEVEL = "-Onone";
				SWIFT_VERSION = 3.0;
			};
			name = Debug;
		};
		81BA81661A49DA1800E65899 /* Release */ = {
			isa = XCBuildConfiguration;
			baseConfigurationReference = 01C3B7B88BB911D2473A0BAB /* Pods-ParseStarterProject.release.xcconfig */;
			buildSettings = {
				ALWAYS_EMBED_SWIFT_STANDARD_LIBRARIES = YES;
				ASSETCATALOG_COMPILER_APPICON_NAME = AppIcon;
				CLANG_ENABLE_MODULES = YES;
				CODE_SIGN_ENTITLEMENTS = ParseStarterProject/ParseStarterProject.entitlements;
				CODE_SIGN_IDENTITY = "iPhone Developer";
				"CODE_SIGN_IDENTITY[sdk=iphoneos*]" = "iPhone Developer";
				DEVELOPMENT_TEAM = JNVXXYDAFM;
				FRAMEWORK_SEARCH_PATHS = (
					"$(inherited)",
					"$(PROJECT_DIR)",
				);
				INFOPLIST_FILE = ParseStarterProject/Info.plist;
				IPHONEOS_DEPLOYMENT_TARGET = 10.0;
				LD_RUNPATH_SEARCH_PATHS = "$(inherited) @executable_path/Frameworks";
				PRODUCT_BUNDLE_IDENTIFIER = com.iponwuzu.WorkJet;
				PRODUCT_NAME = "$(TARGET_NAME)";
				PROVISIONING_PROFILE = "";
				SWIFT_OBJC_BRIDGING_HEADER = "ParseStarterProject-Bridging-Header.h";
				SWIFT_VERSION = 3.0;
			};
			name = Release;
		};
/* End XCBuildConfiguration section */

/* Begin XCConfigurationList section */
		81BA81401A49DA1800E65899 /* Build configuration list for PBXProject "ParseStarterProject" */ = {
			isa = XCConfigurationList;
			buildConfigurations = (
				81BA81621A49DA1800E65899 /* Debug */,
				81BA81631A49DA1800E65899 /* Release */,
			);
			defaultConfigurationIsVisible = 0;
			defaultConfigurationName = Release;
		};
		81BA81641A49DA1800E65899 /* Build configuration list for PBXNativeTarget "ParseStarterProject" */ = {
			isa = XCConfigurationList;
			buildConfigurations = (
				81BA81651A49DA1800E65899 /* Debug */,
				81BA81661A49DA1800E65899 /* Release */,
			);
			defaultConfigurationIsVisible = 0;
			defaultConfigurationName = Release;
		};
/* End XCConfigurationList section */
	};
	rootObject = 81BA813D1A49DA1800E65899 /* Project object */;
}
